
Microsoft Visual Studio Solution File, Format Version 12.00
# Visual Studio Version 17
VisualStudioVersion = 17.14.36121.58 d17.14
MinimumVisualStudioVersion = 10.0.40219.1
Project("{8BC9CEB8-8B4A-11D0-8D11-00A0C91BC942}") = "ekremsort", "ekremsort\ekremsort.vcxproj", "{210A8645-FEB3-4DD7-926D-1E62A4525292}"
EndProject
Global
	GlobalSection(SolutionConfigurationPlatforms) = preSolution
		Debug|x64 = Debug|x64
		Debug|x86 = Debug|x86
		Release|x64 = Release|x64
		Release|x86 = Release|x86
	EndGlobalSection
	GlobalSection(ProjectConfigurationPlatforms) = postSolution
		{210A8645-FEB3-4DD7-926D-1E62A4525292}.Debug|x64.ActiveCfg = Debug|x64
		{210A8645-FEB3-4DD7-926D-1E62A4525292}.Debug|x64.Build.0 = Debug|x64
		{210A8645-FEB3-4DD7-926D-1E62A4525292}.Debug|x86.ActiveCfg = Debug|Win32
		{210A8645-FEB3-4DD7-926D-1E62A4525292}.Debug|x86.Build.0 = Debug|Win32
		{210A8645-FEB3-4DD7-926D-1E62A4525292}.Release|x64.ActiveCfg = Release|x64
		{210A8645-FEB3-4DD7-926D-1E62A4525292}.Release|x64.Build.0 = Release|x64
		{210A8645-FEB3-4DD7-926D-1E62A4525292}.Release|x86.ActiveCfg = Release|Win32
		{210A8645-FEB3-4DD7-926D-1E62A4525292}.Release|x86.Build.0 = Release|Win32
	EndGlobalSection
	GlobalSection(SolutionProperties) = preSolution
		HideSolutionNode = FALSE
	EndGlobalSection
	GlobalSection(ExtensibilityGlobals) = postSolution
		SolutionGuid = {3F0D5ECB-CEC9-4830-A91A-162FD14206AE}
	EndGlobalSection
EndGlobal
